{
    "_readme": [
        "This file locks the dependencies of your project to a known state",
        "Read more about it at https://getcomposer.org/doc/01-basic-usage.md#installing-dependencies",
        "This file is @generated automatically"
    ],
    "content-hash": "0468cc02e303c772d44e863b48daf53a",
    "packages": [
        {
            "name": "dragonmantank/cron-expression",
            "version": "v3.3.1",
            "source": {
                "type": "git",
                "url": "https://github.com/dragonmantank/cron-expression.git",
                "reference": "be85b3f05b46c39bbc0d95f6c071ddff669510fa"
            },
            "dist": {
                "type": "zip",
                "url": "https://api.github.com/repos/dragonmantank/cron-expression/zipball/be85b3f05b46c39bbc0d95f6c071ddff669510fa",
                "reference": "be85b3f05b46c39bbc0d95f6c071ddff669510fa",
                "shasum": ""
            },
            "require": {
                "php": "^7.2|^8.0",
                "webmozart/assert": "^1.0"
            },
            "replace": {
                "mtdowling/cron-expression": "^1.0"
            },
            "require-dev": {
                "phpstan/extension-installer": "^1.0",
                "phpstan/phpstan": "^1.0",
                "phpstan/phpstan-webmozart-assert": "^1.0",
                "phpunit/phpunit": "^7.0|^8.0|^9.0"
            },
            "type": "library",
            "autoload": {
                "psr-4": {
                    "Cron\\": "src/Cron/"
                }
            },
            "notification-url": "https://packagist.org/downloads/",
            "license": [
                "MIT"
            ],
            "authors": [
                {
                    "name": "Chris Tankersley",
                    "email": "chris@ctankersley.com",
                    "homepage": "https://github.com/dragonmantank"
                }
            ],
            "description": "CRON for PHP: Calculate the next or previous run date and determine if a CRON expression is due",
            "keywords": [
                "cron",
                "schedule"
            ],
            "support": {
                "issues": "https://github.com/dragonmantank/cron-expression/issues",
                "source": "https://github.com/dragonmantank/cron-expression/tree/v3.3.1"
            },
            "funding": [
                {
                    "url": "https://github.com/dragonmantank",
                    "type": "github"
                }
            ],
            "time": "2022-01-18T15:43:28+00:00"
        },
        {
            "name": "nyholm/psr7",
            "version": "1.5.0",
            "source": {
                "type": "git",
                "url": "https://github.com/Nyholm/psr7.git",
                "reference": "1461e07a0f2a975a52082ca3b769ca912b816226"
            },
            "dist": {
                "type": "zip",
                "url": "https://api.github.com/repos/Nyholm/psr7/zipball/1461e07a0f2a975a52082ca3b769ca912b816226",
                "reference": "1461e07a0f2a975a52082ca3b769ca912b816226",
                "shasum": ""
            },
            "require": {
                "php": ">=7.1",
                "php-http/message-factory": "^1.0",
                "psr/http-factory": "^1.0",
                "psr/http-message": "^1.0"
            },
            "provide": {
                "psr/http-factory-implementation": "1.0",
                "psr/http-message-implementation": "1.0"
            },
            "require-dev": {
                "http-interop/http-factory-tests": "^0.9",
                "php-http/psr7-integration-tests": "^1.0",
                "phpunit/phpunit": "^7.5 || 8.5 || 9.4",
                "symfony/error-handler": "^4.4"
            },
            "type": "library",
            "extra": {
                "branch-alias": {
                    "dev-master": "1.4-dev"
                }
            },
            "autoload": {
                "psr-4": {
                    "Nyholm\\Psr7\\": "src/"
                }
            },
            "notification-url": "https://packagist.org/downloads/",
            "license": [
                "MIT"
            ],
            "authors": [
                {
                    "name": "Tobias Nyholm",
                    "email": "tobias.nyholm@gmail.com"
                },
                {
                    "name": "Martijn van der Ven",
                    "email": "martijn@vanderven.se"
                }
            ],
            "description": "A fast PHP7 implementation of PSR-7",
            "homepage": "https://tnyholm.se",
            "keywords": [
                "psr-17",
                "psr-7"
            ],
            "support": {
                "issues": "https://github.com/Nyholm/psr7/issues",
                "source": "https://github.com/Nyholm/psr7/tree/1.5.0"
            },
            "funding": [
                {
                    "url": "https://github.com/Zegnat",
                    "type": "github"
                },
                {
                    "url": "https://github.com/nyholm",
                    "type": "github"
                }
            ],
            "time": "2022-02-02T18:37:57+00:00"
        },
        {
            "name": "nyxio/nyxio",
            "version": "v1.0.13",
            "source": {
                "type": "git",
                "url": "https://github.com/nyxio-php/nyxio.git",
                "reference": "8ceea2822c41e3c64486d4392a6398ba54a8260a"
            },
            "dist": {
                "type": "zip",
                "url": "https://api.github.com/repos/nyxio-php/nyxio/zipball/8ceea2822c41e3c64486d4392a6398ba54a8260a",
                "reference": "8ceea2822c41e3c64486d4392a6398ba54a8260a",
                "shasum": ""
            },
            "require": {
                "dragonmantank/cron-expression": "^3.3",
                "ext-mbstring": "*",
                "ext-openswoole": "*",
                "nyholm/psr7": "^1.4",
                "php": ">=8.1",
                "php-http/message-factory": "^1.0",
                "psr/http-factory": "^1.0",
                "psr/http-message": "^1.0"
            },
            "replace": {
                "nyxio/config": "1.0.13",
                "nyxio/container": "1.0.13",
                "nyxio/contract": "1.0.13",
                "nyxio/event": "1.0.13",
                "nyxio/helper": "1.0.13",
                "nyxio/http": "1.0.13",
                "nyxio/kernel": "1.0.13",
                "nyxio/provider": "1.0.13",
                "nyxio/routing": "1.0.13",
                "nyxio/validation": "1.0.13"
            },
            "require-dev": {
                "openswoole/ide-helper": "@dev",
                "phpunit/phpunit": "^9.5",
                "squizlabs/php_codesniffer": "4.0.x-dev",
                "symplify/monorepo-builder": "^10.0",
                "vimeo/psalm": "^4.16"
            },
            "type": "library",
            "autoload": {
                "files": [
                    "src/Helper/Directory/Directory.php",
                    "src/Helper/Env/Env.php",
                    "src/Helper/Reflection/Reflection.php",
                    "src/Helper/Text/Text.php",
                    "src/Helper/Url/Url.php"
                ],
                "psr-4": {
                    "Nyxio\\": "src/",
                    "Nyxio\\Http\\": "src/Http/",
                    "Nyxio\\Event\\": "src/Event/",
                    "Nyxio\\Config\\": "src/Config/",
                    "Nyxio\\Helper\\": "src/Helper/",
                    "Nyxio\\Kernel\\": "src/Kernel/",
                    "Nyxio\\Routing\\": "src/Routing/",
                    "Nyxio\\Contract\\": "src/Contract/",
                    "Nyxio\\Provider\\": "src/Provider/",
                    "Nyxio\\Container\\": "src/Container/",
                    "Nyxio\\Validation\\": "src/Validation/"
                }
            },
            "notification-url": "https://packagist.org/downloads/",
            "license": [
                "MIT"
            ],
            "authors": [
                {
                    "name": "Aleksey Ishutin",
                    "email": "ishutin.alexey@gmail.com"
                }
            ],
            "description": "nyxio framework",
            "support": {
                "issues": "https://github.com/nyxio-php/nyxio/issues",
                "source": "https://github.com/nyxio-php/nyxio/tree/v1.0.13"
            },
            "time": "2022-04-21T01:27:28+00:00"
        },
        {
            "name": "php-http/message-factory",
            "version": "dev-master",
            "source": {
                "type": "git",
                "url": "https://github.com/php-http/message-factory.git",
                "reference": "597f30e6dfd32a85fd7dbe58cb47554b5bad910e"
            },
            "dist": {
                "type": "zip",
                "url": "https://api.github.com/repos/php-http/message-factory/zipball/597f30e6dfd32a85fd7dbe58cb47554b5bad910e",
                "reference": "597f30e6dfd32a85fd7dbe58cb47554b5bad910e",
                "shasum": ""
            },
            "require": {
                "php": ">=5.4",
                "psr/http-message": "^1.0"
            },
            "default-branch": true,
            "type": "library",
            "extra": {
                "branch-alias": {
                    "dev-master": "1.0-dev"
                }
            },
            "autoload": {
                "psr-4": {
                    "Http\\Message\\": "src/"
                }
            },
            "notification-url": "https://packagist.org/downloads/",
            "license": [
                "MIT"
            ],
            "authors": [
                {
                    "name": "Márk Sági-Kazár",
                    "email": "mark.sagikazar@gmail.com"
                }
            ],
            "description": "Factory interfaces for PSR-7 HTTP Message",
            "homepage": "http://php-http.org",
            "keywords": [
                "factory",
                "http",
                "message",
                "stream",
                "uri"
            ],
            "support": {
                "issues": "https://github.com/php-http/message-factory/issues",
                "source": "https://github.com/php-http/message-factory/tree/master"
            },
            "time": "2018-12-06T18:41:41+00:00"
        },
        {
            "name": "psr/http-factory",
            "version": "dev-master",
            "source": {
                "type": "git",
                "url": "https://github.com/php-fig/http-factory.git",
                "reference": "36fa03d50ff82abcae81860bdaf4ed9a1510c7cd"
            },
            "dist": {
                "type": "zip",
                "url": "https://api.github.com/repos/php-fig/http-factory/zipball/36fa03d50ff82abcae81860bdaf4ed9a1510c7cd",
                "reference": "36fa03d50ff82abcae81860bdaf4ed9a1510c7cd",
                "shasum": ""
            },
            "require": {
                "php": ">=7.0.0",
                "psr/http-message": "^1.0"
            },
            "default-branch": true,
            "type": "library",
            "extra": {
                "branch-alias": {
                    "dev-master": "1.0.x-dev"
                }
            },
            "autoload": {
                "psr-4": {
                    "Psr\\Http\\Message\\": "src/"
                }
            },
            "notification-url": "https://packagist.org/downloads/",
            "license": [
                "MIT"
            ],
            "authors": [
                {
                    "name": "PHP-FIG",
                    "homepage": "https://www.php-fig.org/"
                }
            ],
            "description": "Common interfaces for PSR-7 HTTP message factories",
            "keywords": [
                "factory",
                "http",
                "message",
                "psr",
                "psr-17",
                "psr-7",
                "request",
                "response"
            ],
            "support": {
                "source": "https://github.com/php-fig/http-factory/tree/master"
            },
            "time": "2020-09-17T16:52:55+00:00"
        },
        {
            "name": "psr/http-message",
            "version": "dev-master",
            "source": {
                "type": "git",
                "url": "https://github.com/php-fig/http-message.git",
                "reference": "efd67d1dc14a7ef4fc4e518e7dee91c271d524e4"
            },
            "dist": {
                "type": "zip",
                "url": "https://api.github.com/repos/php-fig/http-message/zipball/efd67d1dc14a7ef4fc4e518e7dee91c271d524e4",
                "reference": "efd67d1dc14a7ef4fc4e518e7dee91c271d524e4",
                "shasum": ""
            },
            "require": {
                "php": ">=5.3.0"
            },
            "default-branch": true,
            "type": "library",
            "extra": {
                "branch-alias": {
                    "dev-master": "1.0.x-dev"
                }
            },
            "autoload": {
                "psr-4": {
                    "Psr\\Http\\Message\\": "src/"
                }
            },
            "notification-url": "https://packagist.org/downloads/",
            "license": [
                "MIT"
            ],
            "authors": [
                {
                    "name": "PHP-FIG",
                    "homepage": "http://www.php-fig.org/"
                }
            ],
            "description": "Common interface for HTTP messages",
            "homepage": "https://github.com/php-fig/http-message",
            "keywords": [
                "http",
                "http-message",
                "psr",
                "psr-7",
                "request",
                "response"
            ],
            "support": {
                "source": "https://github.com/php-fig/http-message/tree/master"
            },
            "time": "2019-08-29T13:16:46+00:00"
        },
        {
            "name": "webmozart/assert",
            "version": "dev-master",
            "source": {
                "type": "git",
                "url": "https://github.com/webmozarts/assert.git",
                "reference": "dc96b6775d038bfa31a240150ad8505bfb856c2d"
            },
            "dist": {
                "type": "zip",
                "url": "https://api.github.com/repos/webmozarts/assert/zipball/dc96b6775d038bfa31a240150ad8505bfb856c2d",
                "reference": "dc96b6775d038bfa31a240150ad8505bfb856c2d",
                "shasum": ""
            },
            "require": {
                "ext-ctype": "*",
                "php": "^7.2 || ^8.0"
            },
            "conflict": {
                "phpstan/phpstan": "<0.12.20",
                "vimeo/psalm": "<4.6.1 || 4.6.2"
            },
            "require-dev": {
                "phpunit/phpunit": "^8.5.13"
            },
            "default-branch": true,
            "type": "library",
            "extra": {
                "branch-alias": {
                    "dev-master": "1.10-dev"
                }
            },
            "autoload": {
                "psr-4": {
                    "Webmozart\\Assert\\": "src/"
                }
            },
            "notification-url": "https://packagist.org/downloads/",
            "license": [
                "MIT"
            ],
            "authors": [
                {
                    "name": "Bernhard Schussek",
                    "email": "bschussek@gmail.com"
                }
            ],
            "description": "Assertions to validate method input/output with nice error messages.",
            "keywords": [
                "assert",
                "check",
                "validate"
            ],
            "support": {
                "issues": "https://github.com/webmozarts/assert/issues",
                "source": "https://github.com/webmozarts/assert/tree/master"
            },
            "time": "2022-04-18T06:42:29+00:00"
        }
    ],
    "packages-dev": [],
    "aliases": [],
    "minimum-stability": "dev",
    "stability-flags": [],
    "prefer-stable": false,
    "prefer-lowest": false,
    "platform": {
        "php": ">=8.1"
    },
    "platform-dev": [],
    "plugin-api-version": "2.3.0"
}
